
Microsoft Visual Studio Solution File, Format Version 12.00
# Visual Studio 15
VisualStudioVersion = 15.0.28307.329
MinimumVisualStudioVersion = 10.0.40219.1
Project("{FAE04EC0-301F-11D3-BF4B-00C04F79EFBC}") = "SageAufbaukursCSharp", "SageAufbaukursCSharp\SageAufbaukursCSharp.csproj", "{700EBF07-4B31-4A4F-BA2B-6FC886A08FEC}"
EndProject
Global
	GlobalSection(SolutionConfigurationPlatforms) = preSolution
		Debug|Any CPU = Debug|Any CPU
		Release|Any CPU = Release|Any CPU
	EndGlobalSection
	GlobalSection(ProjectConfigurationPlatforms) = postSolution
		{700EBF07-4B31-4A4F-BA2B-6FC886A08FEC}.Debug|Any CPU.ActiveCfg = Debug|Any CPU
		{700EBF07-4B31-4A4F-BA2B-6FC886A08FEC}.Debug|Any CPU.Build.0 = Debug|Any CPU
		{700EBF07-4B31-4A4F-BA2B-6FC886A08FEC}.Release|Any CPU.ActiveCfg = Release|Any CPU
		{700EBF07-4B31-4A4F-BA2B-6FC886A08FEC}.Release|Any CPU.Build.0 = Release|Any CPU
	EndGlobalSection
	GlobalSection(SolutionProperties) = preSolution
		HideSolutionNode = FALSE
	EndGlobalSection
	GlobalSection(ExtensibilityGlobals) = postSolution
		SolutionGuid = {E9E5E7F5-CADE-4CCE-A1F4-AFD13F8CF5D6}
	EndGlobalSection
EndGlobal
